
Microsoft Visual Studio Solution File, Format Version 12.00
# Visual Studio 15
VisualStudioVersion = 15.0.28307.1022
MinimumVisualStudioVersion = 10.0.40219.1
Project("{E24C65DC-7377-472B-9ABA-BC803B73C61A}") = "html-slys", "..\", "{30749EB8-0464-4AEF-9290-8F1758CB1F09}"
	ProjectSection(WebsiteProperties) = preProject
		TargetFrameworkMoniker = ".NETFramework,Version%3Dv4.0"
		Debug.AspNetCompiler.VirtualPath = "/localhost_49736"
		Debug.AspNetCompiler.PhysicalPath = "..\..\html-slys\"
		Debug.AspNetCompiler.TargetPath = "PrecompiledWeb\localhost_49736\"
		Debug.AspNetCompiler.Updateable = "true"
		Debug.AspNetCompiler.ForceOverwrite = "true"
		Debug.AspNetCompiler.FixedNames = "false"
		Debug.AspNetCompiler.Debug = "True"
		Release.AspNetCompiler.VirtualPath = "/localhost_49736"
		Release.AspNetCompiler.PhysicalPath = "..\..\html-slys\"
		Release.AspNetCompiler.TargetPath = "PrecompiledWeb\localhost_49736\"
		Release.AspNetCompiler.Updateable = "true"
		Release.AspNetCompiler.ForceOverwrite = "true"
		Release.AspNetCompiler.FixedNames = "false"
		Release.AspNetCompiler.Debug = "False"
		VWDPort = "49736"
		SlnRelativePath = "..\..\html-slys\"
	EndProjectSection
EndProject
Global
	GlobalSection(SolutionConfigurationPlatforms) = preSolution
		Debug|Any CPU = Debug|Any CPU
	EndGlobalSection
	GlobalSection(ProjectConfigurationPlatforms) = postSolution
		{30749EB8-0464-4AEF-9290-8F1758CB1F09}.Debug|Any CPU.ActiveCfg = Debug|Any CPU
		{30749EB8-0464-4AEF-9290-8F1758CB1F09}.Debug|Any CPU.Build.0 = Debug|Any CPU
	EndGlobalSection
	GlobalSection(SolutionProperties) = preSolution
		HideSolutionNode = FALSE
	EndGlobalSection
	GlobalSection(ExtensibilityGlobals) = postSolution
		SolutionGuid = {504C9680-2469-41C8-9582-D187E9BCF555}
	EndGlobalSection
EndGlobal
